
Microsoft Visual Studio Solution File, Format Version 12.00
# Visual Studio 15
VisualStudioVersion = 15.0.26730.3
MinimumVisualStudioVersion = 10.0.40219.1
Project("{FAE04EC0-301F-11D3-BF4B-00C04F79EFBC}") = "DapperGenericRepository", "DapperGenericRepository\DapperGenericRepository.csproj", "{79E5E8CD-D326-4ECA-BB70-0C96A54FB249}"
EndProject
Global
	GlobalSection(SolutionConfigurationPlatforms) = preSolution
		Debug|Any CPU = Debug|Any CPU
		Release|Any CPU = Release|Any CPU
	EndGlobalSection
	GlobalSection(ProjectConfigurationPlatforms) = postSolution
		{79E5E8CD-D326-4ECA-BB70-0C96A54FB249}.Debug|Any CPU.ActiveCfg = Debug|Any CPU
		{79E5E8CD-D326-4ECA-BB70-0C96A54FB249}.Debug|Any CPU.Build.0 = Debug|Any CPU
		{79E5E8CD-D326-4ECA-BB70-0C96A54FB249}.Release|Any CPU.ActiveCfg = Release|Any CPU
		{79E5E8CD-D326-4ECA-BB70-0C96A54FB249}.Release|Any CPU.Build.0 = Release|Any CPU
	EndGlobalSection
	GlobalSection(SolutionProperties) = preSolution
		HideSolutionNode = FALSE
	EndGlobalSection
	GlobalSection(ExtensibilityGlobals) = postSolution
		SolutionGuid = {53A3F462-E100-4A6F-B3AD-C99A609877B5}
	EndGlobalSection
EndGlobal
